// !$*UTF8*$!
{
	archiveVersion = 1;
	classes = {
	};
	objectVersion = 46;
	objects = {

/* Begin PBXBuildFile section */
		222F72941A7F9861007EF84C /* ImageCell.swift in Sources */ = {isa = PBXBuildFile; fileRef = 222F72931A7F9861007EF84C /* ImageCell.swift */; };
		2234FBB41A67E0340081F435 /* AppDelegate.swift in Sources */ = {isa = PBXBuildFile; fileRef = 2234FBB31A67E0340081F435 /* AppDelegate.swift */; };
		2234FBB71A67E0340081F435 /* PracticeOne.xcdatamodeld in Sources */ = {isa = PBXBuildFile; fileRef = 2234FBB51A67E0340081F435 /* PracticeOne.xcdatamodeld */; };
		2234FBBC1A67E0340081F435 /* Main.storyboard in Resources */ = {isa = PBXBuildFile; fileRef = 2234FBBA1A67E0340081F435 /* Main.storyboard */; };
		2234FBBE1A67E0340081F435 /* Images.xcassets in Resources */ = {isa = PBXBuildFile; fileRef = 2234FBBD1A67E0340081F435 /* Images.xcassets */; };
		2234FBC11A67E0340081F435 /* LaunchScreen.xib in Resources */ = {isa = PBXBuildFile; fileRef = 2234FBBF1A67E0340081F435 /* LaunchScreen.xib */; };
		2234FBCD1A67E0340081F435 /* PracticeOneTests.swift in Sources */ = {isa = PBXBuildFile; fileRef = 2234FBCC1A67E0340081F435 /* PracticeOneTests.swift */; };
		2234FBD71A67E2180081F435 /* TableViewController.swift in Sources */ = {isa = PBXBuildFile; fileRef = 2234FBD61A67E2180081F435 /* TableViewController.swift */; };
		2234FBD91A67E8CE0081F435 /* DataManager.swift in Sources */ = {isa = PBXBuildFile; fileRef = 2234FBD81A67E8CE0081F435 /* DataManager.swift */; };
		2234FBDE1A67ECE30081F435 /* SwiftyJSON.swift in Sources */ = {isa = PBXBuildFile; fileRef = 2234FBDD1A67ECE30081F435 /* SwiftyJSON.swift */; };
		2234FBE01A67F0E70081F435 /* testdata.json in Resources */ = {isa = PBXBuildFile; fileRef = 2234FBDF1A67F0E70081F435 /* testdata.json */; };
		2282102B1A6E789A00E2D40B /* FetchImage.swift in Sources */ = {isa = PBXBuildFile; fileRef = 2282102A1A6E789A00E2D40B /* FetchImage.swift */; };
		228D055C1A73B27B00ADB953 /* WebViewController.swift in Sources */ = {isa = PBXBuildFile; fileRef = 228D055B1A73B27B00ADB953 /* WebViewController.swift */; };
		22C53C381A7A5510009E5410 /* BasicCell.swift in Sources */ = {isa = PBXBuildFile; fileRef = 22C53C371A7A5510009E5410 /* BasicCell.swift */; };
/* End PBXBuildFile section */

/* Begin PBXContainerItemProxy section */
		2234FBC71A67E0340081F435 /* PBXContainerItemProxy */ = {
			isa = PBXContainerItemProxy;
			containerPortal = 2234FBA61A67E0340081F435 /* Project object */;
			proxyType = 1;
			remoteGlobalIDString = 2234FBAD1A67E0340081F435;
			remoteInfo = PracticeOne;
		};
/* End PBXContainerItemProxy section */

/* Begin PBXFileReference section */
		222F72931A7F9861007EF84C /* ImageCell.swift */ = {isa = PBXFileReference; fileEncoding = 4; lastKnownFileType = sourcecode.swift; path = ImageCell.swift; sourceTree = "<group>"; };
		2234FBAE1A67E0340081F435 /* PracticeOne.app */ = {isa = PBXFileReference; explicitFileType = wrapper.application; includeInIndex = 0; path = PracticeOne.app; sourceTree = BUILT_PRODUCTS_DIR; };
		2234FBB21A67E0340081F435 /* Info.plist */ = {isa = PBXFileReference; lastKnownFileType = text.plist.xml; path = Info.plist; sourceTree = "<group>"; };
		2234FBB31A67E0340081F435 /* AppDelegate.swift */ = {isa = PBXFileReference; lastKnownFileType = sourcecode.swift; path = AppDelegate.swift; sourceTree = "<group>"; };
		2234FBB61A67E0340081F435 /* PracticeOne.xcdatamodel */ = {isa = PBXFileReference; lastKnownFileType = wrapper.xcdatamodel; path = PracticeOne.xcdatamodel; sourceTree = "<group>"; };
		2234FBBB1A67E0340081F435 /* Base */ = {isa = PBXFileReference; lastKnownFileType = file.storyboard; name = Base; path = Base.lproj/Main.storyboard; sourceTree = "<group>"; };
		2234FBBD1A67E0340081F435 /* Images.xcassets */ = {isa = PBXFileReference; lastKnownFileType = folder.assetcatalog; path = Images.xcassets; sourceTree = "<group>"; };
		2234FBC01A67E0340081F435 /* Base */ = {isa = PBXFileReference; lastKnownFileType = file.xib; name = Base; path = Base.lproj/LaunchScreen.xib; sourceTree = "<group>"; };
		2234FBC61A67E0340081F435 /* PracticeOneTests.xctest */ = {isa = PBXFileReference; explicitFileType = wrapper.cfbundle; includeInIndex = 0; path = PracticeOneTests.xctest; sourceTree = BUILT_PRODUCTS_DIR; };
		2234FBCB1A67E0340081F435 /* Info.plist */ = {isa = PBXFileReference; lastKnownFileType = text.plist.xml; path = Info.plist; sourceTree = "<group>"; };
		2234FBCC1A67E0340081F435 /* PracticeOneTests.swift */ = {isa = PBXFileReference; lastKnownFileType = sourcecode.swift; path = PracticeOneTests.swift; sourceTree = "<group>"; };
		2234FBD61A67E2180081F435 /* TableViewController.swift */ = {isa = PBXFileReference; fileEncoding = 4; lastKnownFileType = sourcecode.swift; path = TableViewController.swift; sourceTree = "<group>"; };
		2234FBD81A67E8CE0081F435 /* DataManager.swift */ = {isa = PBXFileReference; fileEncoding = 4; lastKnownFileType = sourcecode.swift; path = DataManager.swift; sourceTree = "<group>"; };
		2234FBDC1A67ECE30081F435 /* SwiftyJSON.h */ = {isa = PBXFileReference; fileEncoding = 4; lastKnownFileType = sourcecode.c.h; path = SwiftyJSON.h; sourceTree = "<group>"; };
		2234FBDD1A67ECE30081F435 /* SwiftyJSON.swift */ = {isa = PBXFileReference; fileEncoding = 4; lastKnownFileType = sourcecode.swift; path = SwiftyJSON.swift; sourceTree = "<group>"; };
		2234FBDF1A67F0E70081F435 /* testdata.json */ = {isa = PBXFileReference; fileEncoding = 4; lastKnownFileType = text.json; path = testdata.json; sourceTree = "<group>"; };
		2282102A1A6E789A00E2D40B /* FetchImage.swift */ = {isa = PBXFileReference; fileEncoding = 4; lastKnownFileType = sourcecode.swift; path = FetchImage.swift; sourceTree = "<group>"; };
		228D055B1A73B27B00ADB953 /* WebViewController.swift */ = {isa = PBXFileReference; fileEncoding = 4; lastKnownFileType = sourcecode.swift; path = WebViewController.swift; sourceTree = "<group>"; };
		22C53C371A7A5510009E5410 /* BasicCell.swift */ = {isa = PBXFileReference; fileEncoding = 4; lastKnownFileType = sourcecode.swift; path = BasicCell.swift; sourceTree = "<group>"; };
/* End PBXFileReference section */

/* Begin PBXFrameworksBuildPhase section */
		2234FBAB1A67E0340081F435 /* Frameworks */ = {
			isa = PBXFrameworksBuildPhase;
			buildActionMask = 2147483647;
			files = (
			);
			runOnlyForDeploymentPostprocessing = 0;
		};
		2234FBC31A67E0340081F435 /* Frameworks */ = {
			isa = PBXFrameworksBuildPhase;
			buildActionMask = 2147483647;
			files = (
			);
			runOnlyForDeploymentPostprocessing = 0;
		};
/* End PBXFrameworksBuildPhase section */

/* Begin PBXGroup section */
		2234FBA51A67E0340081F435 = {
			isa = PBXGroup;
			children = (
				2234FBB01A67E0340081F435 /* PracticeOne */,
				2234FBC91A67E0340081F435 /* PracticeOneTests */,
				2234FBAF1A67E0340081F435 /* Products */,
			);
			sourceTree = "<group>";
		};
		2234FBAF1A67E0340081F435 /* Products */ = {
			isa = PBXGroup;
			children = (
				2234FBAE1A67E0340081F435 /* PracticeOne.app */,
				2234FBC61A67E0340081F435 /* PracticeOneTests.xctest */,
			);
			name = Products;
			sourceTree = "<group>";
		};
		2234FBB01A67E0340081F435 /* PracticeOne */ = {
			isa = PBXGroup;
			children = (
				2234FBB31A67E0340081F435 /* AppDelegate.swift */,
				2234FBBA1A67E0340081F435 /* Main.storyboard */,
				2234FBD61A67E2180081F435 /* TableViewController.swift */,
				2234FBBD1A67E0340081F435 /* Images.xcassets */,
				2234FBBF1A67E0340081F435 /* LaunchScreen.xib */,
				2234FBB51A67E0340081F435 /* PracticeOne.xcdatamodeld */,
				2234FBB11A67E0340081F435 /* Supporting Files */,
				2234FBD81A67E8CE0081F435 /* DataManager.swift */,
				2234FBDC1A67ECE30081F435 /* SwiftyJSON.h */,
				2234FBDD1A67ECE30081F435 /* SwiftyJSON.swift */,
				2234FBDF1A67F0E70081F435 /* testdata.json */,
				2282102A1A6E789A00E2D40B /* FetchImage.swift */,
				228D055B1A73B27B00ADB953 /* WebViewController.swift */,
				22C53C371A7A5510009E5410 /* BasicCell.swift */,
				222F72931A7F9861007EF84C /* ImageCell.swift */,
			);
			path = PracticeOne;
			sourceTree = "<group>";
		};
		2234FBB11A67E0340081F435 /* Supporting Files */ = {
			isa = PBXGroup;
			children = (
				2234FBB21A67E0340081F435 /* Info.plist */,
			);
			name = "Supporting Files";
			sourceTree = "<group>";
		};
		2234FBC91A67E0340081F435 /* PracticeOneTests */ = {
			isa = PBXGroup;
			children = (
				2234FBCC1A67E0340081F435 /* PracticeOneTests.swift */,
				2234FBCA1A67E0340081F435 /* Supporting Files */,
			);
			path = PracticeOneTests;
			sourceTree = "<group>";
		};
		2234FBCA1A67E0340081F435 /* Supporting Files */ = {
			isa = PBXGroup;
			children = (
				2234FBCB1A67E0340081F435 /* Info.plist */,
			);
			name = "Supporting Files";
			sourceTree = "<group>";
		};
/* End PBXGroup section */

/* Begin PBXNativeTarget section */
		2234FBAD1A67E0340081F435 /* PracticeOne */ = {
			isa = PBXNativeTarget;
			buildConfigurationList = 2234FBD01A67E0340081F435 /* Build configuration list for PBXNativeTarget "PracticeOne" */;
			buildPhases = (
				2234FBAA1A67E0340081F435 /* Sources */,
				2234FBAB1A67E0340081F435 /* Frameworks */,
				2234FBAC1A67E0340081F435 /* Resources */,
			);
			buildRules = (
			);
			dependencies = (
			);
			name = PracticeOne;
			productName = PracticeOne;
			productReference = 2234FBAE1A67E0340081F435 /* PracticeOne.app */;
			productType = "com.apple.product-type.application";
		};
		2234FBC51A67E0340081F435 /* PracticeOneTests */ = {
			isa = PBXNativeTarget;
			buildConfigurationList = 2234FBD31A67E0340081F435 /* Build configuration list for PBXNativeTarget "PracticeOneTests" */;
			buildPhases = (
				2234FBC21A67E0340081F435 /* Sources */,
				2234FBC31A67E0340081F435 /* Frameworks */,
				2234FBC41A67E0340081F435 /* Resources */,
			);
			buildRules = (
			);
			dependencies = (
				2234FBC81A67E0340081F435 /* PBXTargetDependency */,
			);
			name = PracticeOneTests;
			productName = PracticeOneTests;
			productReference = 2234FBC61A67E0340081F435 /* PracticeOneTests.xctest */;
			productType = "com.apple.product-type.bundle.unit-test";
		};
/* End PBXNativeTarget section */

/* Begin PBXProject section */
		2234FBA61A67E0340081F435 /* Project object */ = {
			isa = PBXProject;
			attributes = {
				LastSwiftMigration = 0730;
				LastSwiftUpdateCheck = 0730;
				LastUpgradeCheck = 0610;
				ORGANIZATIONNAME = "Personal Dev";
				TargetAttributes = {
					2234FBAD1A67E0340081F435 = {
						CreatedOnToolsVersion = 6.1.1;
						DevelopmentTeam = Y69FWE3PS5;
					};
					2234FBC51A67E0340081F435 = {
						CreatedOnToolsVersion = 6.1.1;
						TestTargetID = 2234FBAD1A67E0340081F435;
					};
				};
			};
			buildConfigurationList = 2234FBA91A67E0340081F435 /* Build configuration list for PBXProject "PracticeOne" */;
			compatibilityVersion = "Xcode 3.2";
			developmentRegion = English;
			hasScannedForEncodings = 0;
			knownRegions = (
				en,
				Base,
			);
			mainGroup = 2234FBA51A67E0340081F435;
			productRefGroup = 2234FBAF1A67E0340081F435 /* Products */;
			projectDirPath = "";
			projectRoot = "";
			targets = (
				2234FBAD1A67E0340081F435 /* PracticeOne */,
				2234FBC51A67E0340081F435 /* PracticeOneTests */,
			);
		};
/* End PBXProject section */

/* Begin PBXResourcesBuildPhase section */
		2234FBAC1A67E0340081F435 /* Resources */ = {
			isa = PBXResourcesBuildPhase;
			buildActionMask = 2147483647;
			files = (
				2234FBBC1A67E0340081F435 /* Main.storyboard in Resources */,
				2234FBC11A67E0340081F435 /* LaunchScreen.xib in Resources */,
				2234FBBE1A67E0340081F435 /* Images.xcassets in Resources */,
				2234FBE01A67F0E70081F435 /* testdata.json in Resources */,
			);
			runOnlyForDeploymentPostprocessing = 0;
		};
		2234FBC41A67E0340081F435 /* Resources */ = {
			isa = PBXResourcesBuildPhase;
			buildActionMask = 2147483647;
			files = (
			);
			runOnlyForDeploymentPostprocessing = 0;
		};
/* End PBXResourcesBuildPhase section */

/* Begin PBXSourcesBuildPhase section */
		2234FBAA1A67E0340081F435 /* Sources */ = {
			isa = PBXSourcesBuildPhase;
			buildActionMask = 2147483647;
			files = (
				2234FBB41A67E0340081F435 /* AppDelegate.swift in Sources */,
				2234FBD91A67E8CE0081F435 /* DataManager.swift in Sources */,
				222F72941A7F9861007EF84C /* ImageCell.swift in Sources */,
				2282102B1A6E789A00E2D40B /* FetchImage.swift in Sources */,
				2234FBD71A67E2180081F435 /* TableViewController.swift in Sources */,
				22C53C381A7A5510009E5410 /* BasicCell.swift in Sources */,
				228D055C1A73B27B00ADB953 /* WebViewController.swift in Sources */,
				2234FBDE1A67ECE30081F435 /* SwiftyJSON.swift in Sources */,
				2234FBB71A67E0340081F435 /* PracticeOne.xcdatamodeld in Sources */,
			);
			runOnlyForDeploymentPostprocessing = 0;
		};
		2234FBC21A67E0340081F435 /* Sources */ = {
			isa = PBXSourcesBuildPhase;
			buildActionMask = 2147483647;
			files = (
				2234FBCD1A67E0340081F435 /* PracticeOneTests.swift in Sources */,
			);
			runOnlyForDeploymentPostprocessing = 0;
		};
/* End PBXSourcesBuildPhase section */

/* Begin PBXTargetDependency section */
		2234FBC81A67E0340081F435 /* PBXTargetDependency */ = {
			isa = PBXTargetDependency;
			target = 2234FBAD1A67E0340081F435 /* PracticeOne */;
			targetProxy = 2234FBC71A67E0340081F435 /* PBXContainerItemProxy */;
		};
/* End PBXTargetDependency section */

/* Begin PBXVariantGroup section */
		2234FBBA1A67E0340081F435 /* Main.storyboard */ = {
			isa = PBXVariantGroup;
			children = (
				2234FBBB1A67E0340081F435 /* Base */,
			);
			name = Main.storyboard;
			sourceTree = "<group>";
		};
		2234FBBF1A67E0340081F435 /* LaunchScreen.xib */ = {
			isa = PBXVariantGroup;
			children = (
				2234FBC01A67E0340081F435 /* Base */,
			);
			name = LaunchScreen.xib;
			sourceTree = "<group>";
		};
/* End PBXVariantGroup section */

/* Begin XCBuildConfiguration section */
		2234FBCE1A67E0340081F435 /* Debug */ = {
			isa = XCBuildConfiguration;
			buildSettings = {
				ALWAYS_SEARCH_USER_PATHS = NO;
				CLANG_CXX_LANGUAGE_STANDARD = "gnu++0x";
				CLANG_CXX_LIBRARY = "libc++";
				CLANG_ENABLE_MODULES = YES;
				CLANG_ENABLE_OBJC_ARC = YES;
				CLANG_WARN_BOOL_CONVERSION = YES;
				CLANG_WARN_CONSTANT_CONVERSION = YES;
				CLANG_WARN_DIRECT_OBJC_ISA_USAGE = YES_ERROR;
				CLANG_WARN_EMPTY_BODY = YES;
				CLANG_WARN_ENUM_CONVERSION = YES;
				CLANG_WARN_INT_CONVERSION = YES;
				CLANG_WARN_OBJC_ROOT_CLASS = YES_ERROR;
				CLANG_WARN_UNREACHABLE_CODE = YES;
				CLANG_WARN__DUPLICATE_METHOD_MATCH = YES;
				CODE_SIGN_IDENTITY = "iPhone Developer: Qi Zhang (ULPNFEV5S6)";
				"CODE_SIGN_IDENTITY[sdk=iphoneos*]" = "iPhone Developer";
				COPY_PHASE_STRIP = NO;
				ENABLE_STRICT_OBJC_MSGSEND = YES;
				GCC_C_LANGUAGE_STANDARD = gnu99;
				GCC_DYNAMIC_NO_PIC = NO;
				GCC_OPTIMIZATION_LEVEL = 0;
				GCC_PREPROCESSOR_DEFINITIONS = (
					"DEBUG=1",
					"$(inherited)",
				);
				GCC_SYMBOLS_PRIVATE_EXTERN = NO;
				GCC_WARN_64_TO_32_BIT_CONVERSION = YES;
				GCC_WARN_ABOUT_RETURN_TYPE = YES_ERROR;
				GCC_WARN_UNDECLARED_SELECTOR = YES;
				GCC_WARN_UNINITIALIZED_AUTOS = YES_AGGRESSIVE;
				GCC_WARN_UNUSED_FUNCTION = YES;
				GCC_WARN_UNUSED_VARIABLE = YES;
				IPHONEOS_DEPLOYMENT_TARGET = 8.1;
				MTL_ENABLE_DEBUG_INFO = YES;
				ONLY_ACTIVE_ARCH = YES;
				SDKROOT = iphoneos;
				SWIFT_OPTIMIZATION_LEVEL = "-Onone";
				TARGETED_DEVICE_FAMILY = 2;
			};
			name = Debug;
		};
		2234FBCF1A67E0340081F435 /* Release */ = {
			isa = XCBuildConfiguration;
			buildSettings = {
				ALWAYS_SEARCH_USER_PATHS = NO;
				CLANG_CXX_LANGUAGE_STANDARD = "gnu++0x";
				CLANG_CXX_LIBRARY = "libc++";
				CLANG_ENABLE_MODULES = YES;
				CLANG_ENABLE_OBJC_ARC = YES;
				CLANG_WARN_BOOL_CONVERSION = YES;
				CLANG_WARN_CONSTANT_CONVERSION = YES;
				CLANG_WARN_DIRECT_OBJC_ISA_USAGE = YES_ERROR;
				CLANG_WARN_EMPTY_BODY = YES;
				CLANG_WARN_ENUM_CONVERSION = YES;
				CLANG_WARN_INT_CONVERSION = YES;
				CLANG_WARN_OBJC_ROOT_CLASS = YES_ERROR;
				CLANG_WARN_UNREACHABLE_CODE = YES;
				CLANG_WARN__DUPLICATE_METHOD_MATCH = YES;
				CODE_SIGN_IDENTITY = "iPhone Developer: Qi Zhang (ULPNFEV5S6)";
				"CODE_SIGN_IDENTITY[sdk=iphoneos*]" = "iPhone Developer";
				COPY_PHASE_STRIP = YES;
				ENABLE_NS_ASSERTIONS = NO;
				ENABLE_STRICT_OBJC_MSGSEND = YES;
				GCC_C_LANGUAGE_STANDARD = gnu99;
				GCC_WARN_64_TO_32_BIT_CONVERSION = YES;
				GCC_WARN_ABOUT_RETURN_TYPE = YES_ERROR;
				GCC_WARN_UNDECLARED_SELECTOR = YES;
				GCC_WARN_UNINITIALIZED_AUTOS = YES_AGGRESSIVE;
				GCC_WARN_UNUSED_FUNCTION = YES;
				GCC_WARN_UNUSED_VARIABLE = YES;
				IPHONEOS_DEPLOYMENT_TARGET = 8.1;
				MTL_ENABLE_DEBUG_INFO = NO;
				SDKROOT = iphoneos;
				TARGETED_DEVICE_FAMILY = 2;
				VALIDATE_PRODUCT = YES;
			};
			name = Release;
		};
		2234FBD11A67E0340081F435 /* Debug */ = {
			isa = XCBuildConfiguration;
			buildSettings = {
				ASSETCATALOG_COMPILER_APPICON_NAME = AppIcon;
				INFOPLIST_FILE = PracticeOne/Info.plist;
				LD_RUNPATH_SEARCH_PATHS = "$(inherited) @executable_path/Frameworks";
				PRODUCT_NAME = "$(TARGET_NAME)";
				TARGETED_DEVICE_FAMILY = 2;
			};
			name = Debug;
		};
		2234FBD21A67E0340081F435 /* Release */ = {
			isa = XCBuildConfiguration;
			buildSettings = {
				ASSETCATALOG_COMPILER_APPICON_NAME = AppIcon;
				INFOPLIST_FILE = PracticeOne/Info.plist;
				LD_RUNPATH_SEARCH_PATHS = "$(inherited) @executable_path/Frameworks";
				PRODUCT_NAME = "$(TARGET_NAME)";
				TARGETED_DEVICE_FAMILY = 2;
			};
			name = Release;
		};
		2234FBD41A67E0340081F435 /* Debug */ = {
			isa = XCBuildConfiguration;
			buildSettings = {
				BUNDLE_LOADER = "$(TEST_HOST)";
				FRAMEWORK_SEARCH_PATHS = (
					"$(SDKROOT)/Developer/Library/Frameworks",
					"$(inherited)",
				);
				GCC_PREPROCESSOR_DEFINITIONS = (
					"DEBUG=1",
					"$(inherited)",
				);
				INFOPLIST_FILE = PracticeOneTests/Info.plist;
				LD_RUNPATH_SEARCH_PATHS = "$(inherited) @executable_path/Frameworks @loader_path/Frameworks";
				PRODUCT_NAME = "$(TARGET_NAME)";
				TEST_HOST = "$(BUILT_PRODUCTS_DIR)/PracticeOne.app/PracticeOne";
			};
			name = Debug;
		};
		2234FBD51A67E0340081F435 /* Release */ = {
			isa = XCBuildConfiguration;
			buildSettings = {
				BUNDLE_LOADER = "$(TEST_HOST)";
				FRAMEWORK_SEARCH_PATHS = (
					"$(SDKROOT)/Developer/Library/Frameworks",
					"$(inherited)",
				);
				INFOPLIST_FILE = PracticeOneTests/Info.plist;
				LD_RUNPATH_SEARCH_PATHS = "$(inherited) @executable_path/Frameworks @loader_path/Frameworks";
				PRODUCT_NAME = "$(TARGET_NAME)";
				TEST_HOST = "$(BUILT_PRODUCTS_DIR)/PracticeOne.app/PracticeOne";
			};
			name = Release;
		};
/* End XCBuildConfiguration section */

/* Begin XCConfigurationList section */
		2234FBA91A67E0340081F435 /* Build configuration list for PBXProject "PracticeOne" */ = {
			isa = XCConfigurationList;
			buildConfigurations = (
				2234FBCE1A67E0340081F435 /* Debug */,
				2234FBCF1A67E0340081F435 /* Release */,
			);
			defaultConfigurationIsVisible = 0;
			defaultConfigurationName = Release;
		};
		2234FBD01A67E0340081F435 /* Build configuration list for PBXNativeTarget "PracticeOne" */ = {
			isa = XCConfigurationList;
			buildConfigurations = (
				2234FBD11A67E0340081F435 /* Debug */,
				2234FBD21A67E0340081F435 /* Release */,
			);
			defaultConfigurationIsVisible = 0;
			defaultConfigurationName = Release;
		};
		2234FBD31A67E0340081F435 /* Build configuration list for PBXNativeTarget "PracticeOneTests" */ = {
			isa = XCConfigurationList;
			buildConfigurations = (
				2234FBD41A67E0340081F435 /* Debug */,
				2234FBD51A67E0340081F435 /* Release */,
			);
			defaultConfigurationIsVisible = 0;
			defaultConfigurationName = Release;
		};
/* End XCConfigurationList section */

/* Begin XCVersionGroup section */
		2234FBB51A67E0340081F435 /* PracticeOne.xcdatamodeld */ = {
			isa = XCVersionGroup;
			children = (
				2234FBB61A67E0340081F435 /* PracticeOne.xcdatamodel */,
			);
			currentVersion = 2234FBB61A67E0340081F435 /* PracticeOne.xcdatamodel */;
			path = PracticeOne.xcdatamodeld;
			sourceTree = "<group>";
			versionGroupType = wrapper.xcdatamodel;
		};
/* End XCVersionGroup section */
	};
	rootObject = 2234FBA61A67E0340081F435 /* Project object */;
}
